
Microsoft Visual Studio Solution File, Format Version 12.00
# Visual Studio 15
VisualStudioVersion = 15.0.28010.2026
MinimumVisualStudioVersion = 10.0.40219.1
Project("{FAE04EC0-301F-11D3-BF4B-00C04F79EFBC}") = "NSICopier", "NSICopier\NSICopier.csproj", "{B05563FF-10F7-474C-BB25-3A0BDB0BA63A}"
EndProject
Global
	GlobalSection(SolutionConfigurationPlatforms) = preSolution
		Debug|Any CPU = Debug|Any CPU
		Release|Any CPU = Release|Any CPU
	EndGlobalSection
	GlobalSection(ProjectConfigurationPlatforms) = postSolution
		{B05563FF-10F7-474C-BB25-3A0BDB0BA63A}.Debug|Any CPU.ActiveCfg = Debug|Any CPU
		{B05563FF-10F7-474C-BB25-3A0BDB0BA63A}.Debug|Any CPU.Build.0 = Debug|Any CPU
		{B05563FF-10F7-474C-BB25-3A0BDB0BA63A}.Release|Any CPU.ActiveCfg = Release|Any CPU
		{B05563FF-10F7-474C-BB25-3A0BDB0BA63A}.Release|Any CPU.Build.0 = Release|Any CPU
	EndGlobalSection
	GlobalSection(SolutionProperties) = preSolution
		HideSolutionNode = FALSE
	EndGlobalSection
	GlobalSection(ExtensibilityGlobals) = postSolution
		SolutionGuid = {5217F53B-BEAE-484A-B6D5-E7B4446E1ADD}
	EndGlobalSection
EndGlobal
